// !$*UTF8*$!
{
	archiveVersion = 1;
	classes = {
	};
	objectVersion = 46;
	objects = {

/* Begin PBXBuildFile section */
		1636F1601FA6FC82007679E7 /* AppDelegate.swift in Sources */ = {isa = PBXBuildFile; fileRef = 1636F15F1FA6FC82007679E7 /* AppDelegate.swift */; };
		1636F1621FA6FC82007679E7 /* ViewController.swift in Sources */ = {isa = PBXBuildFile; fileRef = 1636F1611FA6FC82007679E7 /* ViewController.swift */; };
		1636F1651FA6FC82007679E7 /* Main.storyboard in Resources */ = {isa = PBXBuildFile; fileRef = 1636F1631FA6FC82007679E7 /* Main.storyboard */; };
		1636F1671FA6FC82007679E7 /* Assets.xcassets in Resources */ = {isa = PBXBuildFile; fileRef = 1636F1661FA6FC82007679E7 /* Assets.xcassets */; };
		1636F16A1FA6FC82007679E7 /* LaunchScreen.storyboard in Resources */ = {isa = PBXBuildFile; fileRef = 1636F1681FA6FC82007679E7 /* LaunchScreen.storyboard */; };
		1636F1721FA7039F007679E7 /* Score.swift in Sources */ = {isa = PBXBuildFile; fileRef = 1636F1711FA7039F007679E7 /* Score.swift */; };
/* End PBXBuildFile section */

/* Begin PBXFileReference section */
		1636F15C1FA6FC82007679E7 /* ScoresMVC.app */ = {isa = PBXFileReference; explicitFileType = wrapper.application; includeInIndex = 0; path = ScoresMVC.app; sourceTree = BUILT_PRODUCTS_DIR; };
		1636F15F1FA6FC82007679E7 /* AppDelegate.swift */ = {isa = PBXFileReference; lastKnownFileType = sourcecode.swift; path = AppDelegate.swift; sourceTree = "<group>"; };
		1636F1611FA6FC82007679E7 /* ViewController.swift */ = {isa = PBXFileReference; lastKnownFileType = sourcecode.swift; path = ViewController.swift; sourceTree = "<group>"; };
		1636F1641FA6FC82007679E7 /* Base */ = {isa = PBXFileReference; lastKnownFileType = file.storyboard; name = Base; path = Base.lproj/Main.storyboard; sourceTree = "<group>"; };
		1636F1661FA6FC82007679E7 /* Assets.xcassets */ = {isa = PBXFileReference; lastKnownFileType = folder.assetcatalog; path = Assets.xcassets; sourceTree = "<group>"; };
		1636F1691FA6FC82007679E7 /* Base */ = {isa = PBXFileReference; lastKnownFileType = file.storyboard; name = Base; path = Base.lproj/LaunchScreen.storyboard; sourceTree = "<group>"; };
		1636F16B1FA6FC82007679E7 /* Info.plist */ = {isa = PBXFileReference; lastKnownFileType = text.plist.xml; path = Info.plist; sourceTree = "<group>"; };
		1636F1711FA7039F007679E7 /* Score.swift */ = {isa = PBXFileReference; fileEncoding = 4; lastKnownFileType = sourcecode.swift; path = Score.swift; sourceTree = "<group>"; };
/* End PBXFileReference section */

/* Begin PBXFrameworksBuildPhase section */
		1636F1591FA6FC82007679E7 /* Frameworks */ = {
			isa = PBXFrameworksBuildPhase;
			buildActionMask = 2147483647;
			files = (
			);
			runOnlyForDeploymentPostprocessing = 0;
		};
/* End PBXFrameworksBuildPhase section */

/* Begin PBXGroup section */
		1636F1531FA6FC82007679E7 = {
			isa = PBXGroup;
			children = (
				1636F15E1FA6FC82007679E7 /* ScoresMVC */,
				1636F15D1FA6FC82007679E7 /* Products */,
			);
			sourceTree = "<group>";
		};
		1636F15D1FA6FC82007679E7 /* Products */ = {
			isa = PBXGroup;
			children = (
				1636F15C1FA6FC82007679E7 /* ScoresMVC.app */,
			);
			name = Products;
			sourceTree = "<group>";
		};
		1636F15E1FA6FC82007679E7 /* ScoresMVC */ = {
			isa = PBXGroup;
			children = (
				1636F15F1FA6FC82007679E7 /* AppDelegate.swift */,
				1636F1611FA6FC82007679E7 /* ViewController.swift */,
				1636F1631FA6FC82007679E7 /* Main.storyboard */,
				1636F1711FA7039F007679E7 /* Score.swift */,
				1636F1661FA6FC82007679E7 /* Assets.xcassets */,
				1636F1681FA6FC82007679E7 /* LaunchScreen.storyboard */,
				1636F16B1FA6FC82007679E7 /* Info.plist */,
			);
			path = ScoresMVC;
			sourceTree = "<group>";
		};
/* End PBXGroup section */

/* Begin PBXNativeTarget section */
		1636F15B1FA6FC82007679E7 /* ScoresMVC */ = {
			isa = PBXNativeTarget;
			buildConfigurationList = 1636F16E1FA6FC82007679E7 /* Build configuration list for PBXNativeTarget "ScoresMVC" */;
			buildPhases = (
				1636F1581FA6FC82007679E7 /* Sources */,
				1636F1591FA6FC82007679E7 /* Frameworks */,
				1636F15A1FA6FC82007679E7 /* Resources */,
			);
			buildRules = (
			);
			dependencies = (
			);
			name = ScoresMVC;
			productName = ScoresMVC;
			productReference = 1636F15C1FA6FC82007679E7 /* ScoresMVC.app */;
			productType = "com.apple.product-type.application";
		};
/* End PBXNativeTarget section */

/* Begin PBXProject section */
		1636F1541FA6FC82007679E7 /* Project object */ = {
			isa = PBXProject;
			attributes = {
				LastSwiftUpdateCheck = 0830;
				LastUpgradeCheck = 0830;
				ORGANIZATIONNAME = "Maribel Montejano";
				TargetAttributes = {
					1636F15B1FA6FC82007679E7 = {
						CreatedOnToolsVersion = 8.3.3;
						DevelopmentTeam = VKKZ6JX7SH;
						ProvisioningStyle = Automatic;
					};
				};
			};
			buildConfigurationList = 1636F1571FA6FC82007679E7 /* Build configuration list for PBXProject "ScoresMVC" */;
			compatibilityVersion = "Xcode 3.2";
			developmentRegion = English;
			hasScannedForEncodings = 0;
			knownRegions = (
				en,
				Base,
			);
			mainGroup = 1636F1531FA6FC82007679E7;
			productRefGroup = 1636F15D1FA6FC82007679E7 /* Products */;
			projectDirPath = "";
			projectRoot = "";
			targets = (
				1636F15B1FA6FC82007679E7 /* ScoresMVC */,
			);
		};
/* End PBXProject section */

/* Begin PBXResourcesBuildPhase section */
		1636F15A1FA6FC82007679E7 /* Resources */ = {
			isa = PBXResourcesBuildPhase;
			buildActionMask = 2147483647;
			files = (
				1636F16A1FA6FC82007679E7 /* LaunchScreen.storyboard in Resources */,
				1636F1671FA6FC82007679E7 /* Assets.xcassets in Resources */,
				1636F1651FA6FC82007679E7 /* Main.storyboard in Resources */,
			);
			runOnlyForDeploymentPostprocessing = 0;
		};
/* End PBXResourcesBuildPhase section */

/* Begin PBXSourcesBuildPhase section */
		1636F1581FA6FC82007679E7 /* Sources */ = {
			isa = PBXSourcesBuildPhase;
			buildActionMask = 2147483647;
			files = (
				1636F1621FA6FC82007679E7 /* ViewController.swift in Sources */,
				1636F1721FA7039F007679E7 /* Score.swift in Sources */,
				1636F1601FA6FC82007679E7 /* AppDelegate.swift in Sources */,
			);
			runOnlyForDeploymentPostprocessing = 0;
		};
/* End PBXSourcesBuildPhase section */

/* Begin PBXVariantGroup section */
		1636F1631FA6FC82007679E7 /* Main.storyboard */ = {
			isa = PBXVariantGroup;
			children = (
				1636F1641FA6FC82007679E7 /* Base */,
			);
			name = Main.storyboard;
			sourceTree = "<group>";
		};
		1636F1681FA6FC82007679E7 /* LaunchScreen.storyboard */ = {
			isa = PBXVariantGroup;
			children = (
				1636F1691FA6FC82007679E7 /* Base */,
			);
			name = LaunchScreen.storyboard;
			sourceTree = "<group>";
		};
/* End PBXVariantGroup section */

/* Begin XCBuildConfiguration section */
		1636F16C1FA6FC82007679E7 /* Debug */ = {
			isa = XCBuildConfiguration;
			buildSettings = {
				ALWAYS_SEARCH_USER_PATHS = NO;
				CLANG_ANALYZER_NONNULL = YES;
				CLANG_ANALYZER_NUMBER_OBJECT_CONVERSION = YES_AGGRESSIVE;
				CLANG_CXX_LANGUAGE_STANDARD = "gnu++0x";
				CLANG_CXX_LIBRARY = "libc++";
				CLANG_ENABLE_MODULES = YES;
				CLANG_ENABLE_OBJC_ARC = YES;
				CLANG_WARN_BOOL_CONVERSION = YES;
				CLANG_WARN_CONSTANT_CONVERSION = YES;
				CLANG_WARN_DIRECT_OBJC_ISA_USAGE = YES_ERROR;
				CLANG_WARN_DOCUMENTATION_COMMENTS = YES;
				CLANG_WARN_EMPTY_BODY = YES;
				CLANG_WARN_ENUM_CONVERSION = YES;
				CLANG_WARN_INFINITE_RECURSION = YES;
				CLANG_WARN_INT_CONVERSION = YES;
				CLANG_WARN_OBJC_ROOT_CLASS = YES_ERROR;
				CLANG_WARN_SUSPICIOUS_MOVE = YES;
				CLANG_WARN_UNREACHABLE_CODE = YES;
				CLANG_WARN__DUPLICATE_METHOD_MATCH = YES;
				"CODE_SIGN_IDENTITY[sdk=iphoneos*]" = "iPhone Developer";
				COPY_PHASE_STRIP = NO;
				DEBUG_INFORMATION_FORMAT = dwarf;
				ENABLE_STRICT_OBJC_MSGSEND = YES;
				ENABLE_TESTABILITY = YES;
				GCC_C_LANGUAGE_STANDARD = gnu99;
				GCC_DYNAMIC_NO_PIC = NO;
				GCC_NO_COMMON_BLOCKS = YES;
				GCC_OPTIMIZATION_LEVEL = 0;
				GCC_PREPROCESSOR_DEFINITIONS = (
					"DEBUG=1",
					"$(inherited)",
				);
				GCC_WARN_64_TO_32_BIT_CONVERSION = YES;
				GCC_WARN_ABOUT_RETURN_TYPE = YES_ERROR;
				GCC_WARN_UNDECLARED_SELECTOR = YES;
				GCC_WARN_UNINITIALIZED_AUTOS = YES_AGGRESSIVE;
				GCC_WARN_UNUSED_FUNCTION = YES;
				GCC_WARN_UNUSED_VARIABLE = YES;
				IPHONEOS_DEPLOYMENT_TARGET = 10.3;
				MTL_ENABLE_DEBUG_INFO = YES;
				ONLY_ACTIVE_ARCH = YES;
				SDKROOT = iphoneos;
				SWIFT_ACTIVE_COMPILATION_CONDITIONS = DEBUG;
				SWIFT_OPTIMIZATION_LEVEL = "-Onone";
			};
			name = Debug;
		};
		1636F16D1FA6FC82007679E7 /* Release */ = {
			isa = XCBuildConfiguration;
			buildSettings = {
				ALWAYS_SEARCH_USER_PATHS = NO;
				CLANG_ANALYZER_NONNULL = YES;
				CLANG_ANALYZER_NUMBER_OBJECT_CONVERSION = YES_AGGRESSIVE;
				CLANG_CXX_LANGUAGE_STANDARD = "gnu++0x";
				CLANG_CXX_LIBRARY = "libc++";
				CLANG_ENABLE_MODULES = YES;
				CLANG_ENABLE_OBJC_ARC = YES;
				CLANG_WARN_BOOL_CONVERSION = YES;
				CLANG_WARN_CONSTANT_CONVERSION = YES;
				CLANG_WARN_DIRECT_OBJC_ISA_USAGE = YES_ERROR;
				CLANG_WARN_DOCUMENTATION_COMMENTS = YES;
				CLANG_WARN_EMPTY_BODY = YES;
				CLANG_WARN_ENUM_CONVERSION = YES;
				CLANG_WARN_INFINITE_RECURSION = YES;
				CLANG_WARN_INT_CONVERSION = YES;
				CLANG_WARN_OBJC_ROOT_CLASS = YES_ERROR;
				CLANG_WARN_SUSPICIOUS_MOVE = YES;
				CLANG_WARN_UNREACHABLE_CODE = YES;
				CLANG_WARN__DUPLICATE_METHOD_MATCH = YES;
				"CODE_SIGN_IDENTITY[sdk=iphoneos*]" = "iPhone Developer";
				COPY_PHASE_STRIP = NO;
				DEBUG_INFORMATION_FORMAT = "dwarf-with-dsym";
				ENABLE_NS_ASSERTIONS = NO;
				ENABLE_STRICT_OBJC_MSGSEND = YES;
				GCC_C_LANGUAGE_STANDARD = gnu99;
				GCC_NO_COMMON_BLOCKS = YES;
				GCC_WARN_64_TO_32_BIT_CONVERSION = YES;
				GCC_WARN_ABOUT_RETURN_TYPE = YES_ERROR;
				GCC_WARN_UNDECLARED_SELECTOR = YES;
				GCC_WARN_UNINITIALIZED_AUTOS = YES_AGGRESSIVE;
				GCC_WARN_UNUSED_FUNCTION = YES;
				GCC_WARN_UNUSED_VARIABLE = YES;
				IPHONEOS_DEPLOYMENT_TARGET = 10.3;
				MTL_ENABLE_DEBUG_INFO = NO;
				SDKROOT = iphoneos;
				SWIFT_OPTIMIZATION_LEVEL = "-Owholemodule";
				VALIDATE_PRODUCT = YES;
			};
			name = Release;
		};
		1636F16F1FA6FC82007679E7 /* Debug */ = {
			isa = XCBuildConfiguration;
			buildSettings = {
				ASSETCATALOG_COMPILER_APPICON_NAME = AppIcon;
				DEVELOPMENT_TEAM = VKKZ6JX7SH;
				INFOPLIST_FILE = ScoresMVC/Info.plist;
				LD_RUNPATH_SEARCH_PATHS = "$(inherited) @executable_path/Frameworks";
				PRODUCT_BUNDLE_IDENTIFIER = com.maribelmontejano.ScoresMVC;
				PRODUCT_NAME = "$(TARGET_NAME)";
				SWIFT_VERSION = 3.0;
			};
			name = Debug;
		};
		1636F1701FA6FC82007679E7 /* Release */ = {
			isa = XCBuildConfiguration;
			buildSettings = {
				ASSETCATALOG_COMPILER_APPICON_NAME = AppIcon;
				DEVELOPMENT_TEAM = VKKZ6JX7SH;
				INFOPLIST_FILE = ScoresMVC/Info.plist;
				LD_RUNPATH_SEARCH_PATHS = "$(inherited) @executable_path/Frameworks";
				PRODUCT_BUNDLE_IDENTIFIER = com.maribelmontejano.ScoresMVC;
				PRODUCT_NAME = "$(TARGET_NAME)";
				SWIFT_VERSION = 3.0;
			};
			name = Release;
		};
/* End XCBuildConfiguration section */

/* Begin XCConfigurationList section */
		1636F1571FA6FC82007679E7 /* Build configuration list for PBXProject "ScoresMVC" */ = {
			isa = XCConfigurationList;
			buildConfigurations = (
				1636F16C1FA6FC82007679E7 /* Debug */,
				1636F16D1FA6FC82007679E7 /* Release */,
			);
			defaultConfigurationIsVisible = 0;
			defaultConfigurationName = Release;
		};
		1636F16E1FA6FC82007679E7 /* Build configuration list for PBXNativeTarget "ScoresMVC" */ = {
			isa = XCConfigurationList;
			buildConfigurations = (
				1636F16F1FA6FC82007679E7 /* Debug */,
				1636F1701FA6FC82007679E7 /* Release */,
			);
			defaultConfigurationIsVisible = 0;
		};
/* End XCConfigurationList section */
	};
	rootObject = 1636F1541FA6FC82007679E7 /* Project object */;
}
